
Microsoft Visual Studio Solution File, Format Version 12.00
# Visual Studio Version 16
VisualStudioVersion = 16.0.30128.74
MinimumVisualStudioVersion = 10.0.40219.1
Project("{FAE04EC0-301F-11D3-BF4B-00C04F79EFBC}") = "planet", "planet\planet.csproj", "{5F5F2187-FC30-4AB1-AF24-8D0676B3CC78}"
EndProject
Global
	GlobalSection(SolutionConfigurationPlatforms) = preSolution
		Debug|Any CPU = Debug|Any CPU
		Release|Any CPU = Release|Any CPU
	EndGlobalSection
	GlobalSection(ProjectConfigurationPlatforms) = postSolution
		{5F5F2187-FC30-4AB1-AF24-8D0676B3CC78}.Debug|Any CPU.ActiveCfg = Debug|Any CPU
		{5F5F2187-FC30-4AB1-AF24-8D0676B3CC78}.Debug|Any CPU.Build.0 = Debug|Any CPU
		{5F5F2187-FC30-4AB1-AF24-8D0676B3CC78}.Release|Any CPU.ActiveCfg = Release|Any CPU
		{5F5F2187-FC30-4AB1-AF24-8D0676B3CC78}.Release|Any CPU.Build.0 = Release|Any CPU
	EndGlobalSection
	GlobalSection(SolutionProperties) = preSolution
		HideSolutionNode = FALSE
	EndGlobalSection
	GlobalSection(ExtensibilityGlobals) = postSolution
		SolutionGuid = {1ECB16B2-5D47-43F8-8324-A9F3708303D3}
	EndGlobalSection
EndGlobal
